
Microsoft Visual Studio Solution File, Format Version 12.00
# Visual Studio 15
VisualStudioVersion = 15.0.28307.1259
MinimumVisualStudioVersion = 10.0.40219.1
Project("{FAE04EC0-301F-11D3-BF4B-00C04F79EFBC}") = "CoinJar", "CoinJar\CoinJar.csproj", "{68732150-EAA9-4C1E-AF2C-90B24EE8D68B}"
EndProject
Project("{FAE04EC0-301F-11D3-BF4B-00C04F79EFBC}") = "CoinJar.DataModels", "CoinJar.DataModels\CoinJar.DataModels.csproj", "{3132DF0A-F88E-440A-B636-869976963CC9}"
EndProject
Project("{FAE04EC0-301F-11D3-BF4B-00C04F79EFBC}") = "CoinJar.Logic", "CoinJar.Logic\CoinJar.Logic.csproj", "{7874B113-F73A-426D-9F69-CCC56FFF647F}"
EndProject
Project("{FAE04EC0-301F-11D3-BF4B-00C04F79EFBC}") = "CoinJar.Tests", "CoinJar.Tests\CoinJar.Tests.csproj", "{420C3E66-2109-4050-B6B7-A582ED132566}"
EndProject
Global
	GlobalSection(SolutionConfigurationPlatforms) = preSolution
		Debug|Any CPU = Debug|Any CPU
		Release|Any CPU = Release|Any CPU
	EndGlobalSection
	GlobalSection(ProjectConfigurationPlatforms) = postSolution
		{68732150-EAA9-4C1E-AF2C-90B24EE8D68B}.Debug|Any CPU.ActiveCfg = Debug|Any CPU
		{68732150-EAA9-4C1E-AF2C-90B24EE8D68B}.Debug|Any CPU.Build.0 = Debug|Any CPU
		{68732150-EAA9-4C1E-AF2C-90B24EE8D68B}.Release|Any CPU.ActiveCfg = Release|Any CPU
		{68732150-EAA9-4C1E-AF2C-90B24EE8D68B}.Release|Any CPU.Build.0 = Release|Any CPU
		{3132DF0A-F88E-440A-B636-869976963CC9}.Debug|Any CPU.ActiveCfg = Debug|Any CPU
		{3132DF0A-F88E-440A-B636-869976963CC9}.Debug|Any CPU.Build.0 = Debug|Any CPU
		{3132DF0A-F88E-440A-B636-869976963CC9}.Release|Any CPU.ActiveCfg = Release|Any CPU
		{3132DF0A-F88E-440A-B636-869976963CC9}.Release|Any CPU.Build.0 = Release|Any CPU
		{7874B113-F73A-426D-9F69-CCC56FFF647F}.Debug|Any CPU.ActiveCfg = Debug|Any CPU
		{7874B113-F73A-426D-9F69-CCC56FFF647F}.Debug|Any CPU.Build.0 = Debug|Any CPU
		{7874B113-F73A-426D-9F69-CCC56FFF647F}.Release|Any CPU.ActiveCfg = Release|Any CPU
		{7874B113-F73A-426D-9F69-CCC56FFF647F}.Release|Any CPU.Build.0 = Release|Any CPU
		{420C3E66-2109-4050-B6B7-A582ED132566}.Debug|Any CPU.ActiveCfg = Debug|Any CPU
		{420C3E66-2109-4050-B6B7-A582ED132566}.Debug|Any CPU.Build.0 = Debug|Any CPU
		{420C3E66-2109-4050-B6B7-A582ED132566}.Release|Any CPU.ActiveCfg = Release|Any CPU
		{420C3E66-2109-4050-B6B7-A582ED132566}.Release|Any CPU.Build.0 = Release|Any CPU
	EndGlobalSection
	GlobalSection(SolutionProperties) = preSolution
		HideSolutionNode = FALSE
	EndGlobalSection
	GlobalSection(ExtensibilityGlobals) = postSolution
		SolutionGuid = {FA716304-0E60-4E55-A8BC-24FD017A23F7}
	EndGlobalSection
EndGlobal
